
Microsoft Visual Studio Solution File, Format Version 12.00
# Visual Studio 2012
Project("{FAE04EC0-301F-11D3-BF4B-00C04F79EFBC}") = "Lithogen.Interfaces", "Lithogen.Interfaces\Lithogen.Interfaces.csproj", "{BCB0202C-0B91-49FF-BC06-9D4ED6912170}"
EndProject
Project("{FAE04EC0-301F-11D3-BF4B-00C04F79EFBC}") = "Lithogen.TaskShim", "Lithogen.TaskShim\Lithogen.TaskShim.csproj", "{B8164D26-53F0-46A2-B45B-5817B4228FE1}"
EndProject
Project("{FAE04EC0-301F-11D3-BF4B-00C04F79EFBC}") = "Site", "Site\Site.csproj", "{05CF83D9-820B-467C-A6D2-A6E32F854C0B}"
	ProjectSection(ProjectDependencies) = postProject
		{A6E1067A-EDB4-406A-91AB-028FBC867D57} = {A6E1067A-EDB4-406A-91AB-028FBC867D57}
	EndProjectSection
EndProject
Project("{FAE04EC0-301F-11D3-BF4B-00C04F79EFBC}") = "Xipton.Razor", "Xipton.Razor\Xipton.Razor.csproj", "{3A7A2F2F-0B57-47F9-8E1A-D34ECB961831}"
EndProject
Project("{FAE04EC0-301F-11D3-BF4B-00C04F79EFBC}") = "Lithogen.Core", "Lithogen.Core\Lithogen.Core.csproj", "{A6E1067A-EDB4-406A-91AB-028FBC867D57}"
EndProject
Project("{2150E333-8FDC-42A3-9474-1A3956D46DE8}") = "Solution Items", "Solution Items", "{0273EC05-3032-44B6-94F3-A8F37AB42B89}"
	ProjectSection(SolutionItems) = preProject
		README.md = README.md
	EndProjectSection
EndProject
Project("{FAE04EC0-301F-11D3-BF4B-00C04F79EFBC}") = "Lithogen.Core.Tests.Unit", "Lithogen.Core.Tests.Unit\Lithogen.Core.Tests.Unit.csproj", "{0DBAD7FF-3477-4C7A-9B7F-12EE29F54940}"
EndProject
Project("{FAE04EC0-301F-11D3-BF4B-00C04F79EFBC}") = "Lithogen.Core.Tests.Integration", "Lithogen.Core.Tests.Integration\Lithogen.Core.Tests.Integration.csproj", "{7677E147-7499-40B1-B7BC-B6C5950F928C}"
EndProject
Global
	GlobalSection(SolutionConfigurationPlatforms) = preSolution
		Debug|Any CPU = Debug|Any CPU
		Release|Any CPU = Release|Any CPU
	EndGlobalSection
	GlobalSection(ProjectConfigurationPlatforms) = postSolution
		{BCB0202C-0B91-49FF-BC06-9D4ED6912170}.Debug|Any CPU.ActiveCfg = Debug|Any CPU
		{BCB0202C-0B91-49FF-BC06-9D4ED6912170}.Debug|Any CPU.Build.0 = Debug|Any CPU
		{BCB0202C-0B91-49FF-BC06-9D4ED6912170}.Release|Any CPU.ActiveCfg = Release|Any CPU
		{BCB0202C-0B91-49FF-BC06-9D4ED6912170}.Release|Any CPU.Build.0 = Release|Any CPU
		{B8164D26-53F0-46A2-B45B-5817B4228FE1}.Debug|Any CPU.ActiveCfg = Debug|Any CPU
		{B8164D26-53F0-46A2-B45B-5817B4228FE1}.Debug|Any CPU.Build.0 = Debug|Any CPU
		{B8164D26-53F0-46A2-B45B-5817B4228FE1}.Release|Any CPU.ActiveCfg = Release|Any CPU
		{B8164D26-53F0-46A2-B45B-5817B4228FE1}.Release|Any CPU.Build.0 = Release|Any CPU
		{05CF83D9-820B-467C-A6D2-A6E32F854C0B}.Debug|Any CPU.ActiveCfg = Debug|Any CPU
		{05CF83D9-820B-467C-A6D2-A6E32F854C0B}.Debug|Any CPU.Build.0 = Debug|Any CPU
		{05CF83D9-820B-467C-A6D2-A6E32F854C0B}.Release|Any CPU.ActiveCfg = Release|Any CPU
		{05CF83D9-820B-467C-A6D2-A6E32F854C0B}.Release|Any CPU.Build.0 = Release|Any CPU
		{3A7A2F2F-0B57-47F9-8E1A-D34ECB961831}.Debug|Any CPU.ActiveCfg = Debug|Any CPU
		{3A7A2F2F-0B57-47F9-8E1A-D34ECB961831}.Debug|Any CPU.Build.0 = Debug|Any CPU
		{3A7A2F2F-0B57-47F9-8E1A-D34ECB961831}.Release|Any CPU.ActiveCfg = Release|Any CPU
		{3A7A2F2F-0B57-47F9-8E1A-D34ECB961831}.Release|Any CPU.Build.0 = Release|Any CPU
		{A6E1067A-EDB4-406A-91AB-028FBC867D57}.Debug|Any CPU.ActiveCfg = Debug|Any CPU
		{A6E1067A-EDB4-406A-91AB-028FBC867D57}.Debug|Any CPU.Build.0 = Debug|Any CPU
		{A6E1067A-EDB4-406A-91AB-028FBC867D57}.Release|Any CPU.ActiveCfg = Release|Any CPU
		{A6E1067A-EDB4-406A-91AB-028FBC867D57}.Release|Any CPU.Build.0 = Release|Any CPU
		{0DBAD7FF-3477-4C7A-9B7F-12EE29F54940}.Debug|Any CPU.ActiveCfg = Debug|Any CPU
		{0DBAD7FF-3477-4C7A-9B7F-12EE29F54940}.Debug|Any CPU.Build.0 = Debug|Any CPU
		{0DBAD7FF-3477-4C7A-9B7F-12EE29F54940}.Release|Any CPU.ActiveCfg = Release|Any CPU
		{0DBAD7FF-3477-4C7A-9B7F-12EE29F54940}.Release|Any CPU.Build.0 = Release|Any CPU
		{7677E147-7499-40B1-B7BC-B6C5950F928C}.Debug|Any CPU.ActiveCfg = Debug|Any CPU
		{7677E147-7499-40B1-B7BC-B6C5950F928C}.Debug|Any CPU.Build.0 = Debug|Any CPU
		{7677E147-7499-40B1-B7BC-B6C5950F928C}.Release|Any CPU.ActiveCfg = Release|Any CPU
		{7677E147-7499-40B1-B7BC-B6C5950F928C}.Release|Any CPU.Build.0 = Release|Any CPU
	EndGlobalSection
	GlobalSection(SolutionProperties) = preSolution
		HideSolutionNode = FALSE
	EndGlobalSection
EndGlobal
